// !$*UTF8*$!
{
	archiveVersion = 1;
	classes = {
	};
	objectVersion = 77;
	objects = {

/* Begin PBXContainerItemProxy section */
		FBEE85162D22E9FA007F1577 /* PBXContainerItemProxy */ = {
			isa = PBXContainerItemProxy;
			containerPortal = FBEE84F72D22E9F9007F1577 /* Project object */;
			proxyType = 1;
			remoteGlobalIDString = FBEE84FE2D22E9F9007F1577;
			remoteInfo = helloSwift;
		};
		FBEE85202D22E9FA007F1577 /* PBXContainerItemProxy */ = {
			isa = PBXContainerItemProxy;
			containerPortal = FBEE84F72D22E9F9007F1577 /* Project object */;
			proxyType = 1;
			remoteGlobalIDString = FBEE84FE2D22E9F9007F1577;
			remoteInfo = helloSwift;
		};
/* End PBXContainerItemProxy section */

/* Begin PBXFileReference section */
		FBEE84FF2D22E9F9007F1577 /* helloSwift.app */ = {isa = PBXFileReference; explicitFileType = wrapper.application; includeInIndex = 0; path = helloSwift.app; sourceTree = BUILT_PRODUCTS_DIR; };
		FBEE85152D22E9FA007F1577 /* helloSwiftTests.xctest */ = {isa = PBXFileReference; explicitFileType = wrapper.cfbundle; includeInIndex = 0; path = helloSwiftTests.xctest; sourceTree = BUILT_PRODUCTS_DIR; };
		FBEE851F2D22E9FA007F1577 /* helloSwiftUITests.xctest */ = {isa = PBXFileReference; explicitFileType = wrapper.cfbundle; includeInIndex = 0; path = helloSwiftUITests.xctest; sourceTree = BUILT_PRODUCTS_DIR; };
/* End PBXFileReference section */

/* Begin PBXFileSystemSynchronizedBuildFileExceptionSet section */
		FBEE85272D22E9FA007F1577 /* Exceptions for "helloSwift" folder in "helloSwift" target */ = {
			isa = PBXFileSystemSynchronizedBuildFileExceptionSet;
			membershipExceptions = (
				Info.plist,
			);
			target = FBEE84FE2D22E9F9007F1577 /* helloSwift */;
		};
/* End PBXFileSystemSynchronizedBuildFileExceptionSet section */

/* Begin PBXFileSystemSynchronizedRootGroup section */
		FBEE85012D22E9F9007F1577 /* helloSwift */ = {
			isa = PBXFileSystemSynchronizedRootGroup;
			exceptions = (
				FBEE85272D22E9FA007F1577 /* Exceptions for "helloSwift" folder in "helloSwift" target */,
			);
			path = helloSwift;
			sourceTree = "<group>";
		};
		FBEE85182D22E9FA007F1577 /* helloSwiftTests */ = {
			isa = PBXFileSystemSynchronizedRootGroup;
			path = helloSwiftTests;
			sourceTree = "<group>";
		};
		FBEE85222D22E9FA007F1577 /* helloSwiftUITests */ = {
			isa = PBXFileSystemSynchronizedRootGroup;
			path = helloSwiftUITests;
			sourceTree = "<group>";
		};
/* End PBXFileSystemSynchronizedRootGroup section */

/* Begin PBXFrameworksBuildPhase section */
		FBEE84FC2D22E9F9007F1577 /* Frameworks */ = {
			isa = PBXFrameworksBuildPhase;
			buildActionMask = 2147483647;
			files = (
			);
			runOnlyForDeploymentPostprocessing = 0;
		};
		FBEE85122D22E9FA007F1577 /* Frameworks */ = {
			isa = PBXFrameworksBuildPhase;
			buildActionMask = 2147483647;
			files = (
			);
			runOnlyForDeploymentPostprocessing = 0;
		};
		FBEE851C2D22E9FA007F1577 /* Frameworks */ = {
			isa = PBXFrameworksBuildPhase;
			buildActionMask = 2147483647;
			files = (
			);
			runOnlyForDeploymentPostprocessing = 0;
		};
/* End PBXFrameworksBuildPhase section */

/* Begin PBXGroup section */
		FBEE84F62D22E9F9007F1577 = {
			isa = PBXGroup;
			children = (
				FBEE85012D22E9F9007F1577 /* helloSwift */,
				FBEE85182D22E9FA007F1577 /* helloSwiftTests */,
				FBEE85222D22E9FA007F1577 /* helloSwiftUITests */,
				FBEE85002D22E9F9007F1577 /* Products */,
			);
			sourceTree = "<group>";
		};
		FBEE85002D22E9F9007F1577 /* Products */ = {
			isa = PBXGroup;
			children = (
				FBEE84FF2D22E9F9007F1577 /* helloSwift.app */,
				FBEE85152D22E9FA007F1577 /* helloSwiftTests.xctest */,
				FBEE851F2D22E9FA007F1577 /* helloSwiftUITests.xctest */,
			);
			name = Products;
			sourceTree = "<group>";
		};
/* End PBXGroup section */

/* Begin PBXNativeTarget section */
		FBEE84FE2D22E9F9007F1577 /* helloSwift */ = {
			isa = PBXNativeTarget;
			buildConfigurationList = FBEE85282D22E9FA007F1577 /* Build configuration list for PBXNativeTarget "helloSwift" */;
			buildPhases = (
				FBEE84FB2D22E9F9007F1577 /* Sources */,
				FBEE84FC2D22E9F9007F1577 /* Frameworks */,
				FBEE84FD2D22E9F9007F1577 /* Resources */,
			);
			buildRules = (
			);
			dependencies = (
			);
			fileSystemSynchronizedGroups = (
				FBEE85012D22E9F9007F1577 /* helloSwift */,
			);
			name = helloSwift;
			packageProductDependencies = (
			);
			productName = helloSwift;
			productReference = FBEE84FF2D22E9F9007F1577 /* helloSwift.app */;
			productType = "com.apple.product-type.application";
		};
		FBEE85142D22E9FA007F1577 /* helloSwiftTests */ = {
			isa = PBXNativeTarget;
			buildConfigurationList = FBEE852D2D22E9FA007F1577 /* Build configuration list for PBXNativeTarget "helloSwiftTests" */;
			buildPhases = (
				FBEE85112D22E9FA007F1577 /* Sources */,
				FBEE85122D22E9FA007F1577 /* Frameworks */,
				FBEE85132D22E9FA007F1577 /* Resources */,
			);
			buildRules = (
			);
			dependencies = (
				FBEE85172D22E9FA007F1577 /* PBXTargetDependency */,
			);
			fileSystemSynchronizedGroups = (
				FBEE85182D22E9FA007F1577 /* helloSwiftTests */,
			);
			name = helloSwiftTests;
			packageProductDependencies = (
			);
			productName = helloSwiftTests;
			productReference = FBEE85152D22E9FA007F1577 /* helloSwiftTests.xctest */;
			productType = "com.apple.product-type.bundle.unit-test";
		};
		FBEE851E2D22E9FA007F1577 /* helloSwiftUITests */ = {
			isa = PBXNativeTarget;
			buildConfigurationList = FBEE85302D22E9FA007F1577 /* Build configuration list for PBXNativeTarget "helloSwiftUITests" */;
			buildPhases = (
				FBEE851B2D22E9FA007F1577 /* Sources */,
				FBEE851C2D22E9FA007F1577 /* Frameworks */,
				FBEE851D2D22E9FA007F1577 /* Resources */,
			);
			buildRules = (
			);
			dependencies = (
				FBEE85212D22E9FA007F1577 /* PBXTargetDependency */,
			);
			fileSystemSynchronizedGroups = (
				FBEE85222D22E9FA007F1577 /* helloSwiftUITests */,
			);
			name = helloSwiftUITests;
			packageProductDependencies = (
			);
			productName = helloSwiftUITests;
			productReference = FBEE851F2D22E9FA007F1577 /* helloSwiftUITests.xctest */;
			productType = "com.apple.product-type.bundle.ui-testing";
		};
/* End PBXNativeTarget section */

/* Begin PBXProject section */
		FBEE84F72D22E9F9007F1577 /* Project object */ = {
			isa = PBXProject;
			attributes = {
				BuildIndependentTargetsInParallel = 1;
				LastSwiftUpdateCheck = 1620;
				LastUpgradeCheck = 1620;
				TargetAttributes = {
					FBEE84FE2D22E9F9007F1577 = {
						CreatedOnToolsVersion = 16.2;
					};
					FBEE85142D22E9FA007F1577 = {
						CreatedOnToolsVersion = 16.2;
						TestTargetID = FBEE84FE2D22E9F9007F1577;
					};
					FBEE851E2D22E9FA007F1577 = {
						CreatedOnToolsVersion = 16.2;
						TestTargetID = FBEE84FE2D22E9F9007F1577;
					};
				};
			};
			buildConfigurationList = FBEE84FA2D22E9F9007F1577 /* Build configuration list for PBXProject "helloSwift" */;
			developmentRegion = en;
			hasScannedForEncodings = 0;
			knownRegions = (
				en,
				Base,
			);
			mainGroup = FBEE84F62D22E9F9007F1577;
			minimizedProjectReferenceProxies = 1;
			preferredProjectObjectVersion = 77;
			productRefGroup = FBEE85002D22E9F9007F1577 /* Products */;
			projectDirPath = "";
			projectRoot = "";
			targets = (
				FBEE84FE2D22E9F9007F1577 /* helloSwift */,
				FBEE85142D22E9FA007F1577 /* helloSwiftTests */,
				FBEE851E2D22E9FA007F1577 /* helloSwiftUITests */,
			);
		};
/* End PBXProject section */

/* Begin PBXResourcesBuildPhase section */
		FBEE84FD2D22E9F9007F1577 /* Resources */ = {
			isa = PBXResourcesBuildPhase;
			buildActionMask = 2147483647;
			files = (
			);
			runOnlyForDeploymentPostprocessing = 0;
		};
		FBEE85132D22E9FA007F1577 /* Resources */ = {
			isa = PBXResourcesBuildPhase;
			buildActionMask = 2147483647;
			files = (
			);
			runOnlyForDeploymentPostprocessing = 0;
		};
		FBEE851D2D22E9FA007F1577 /* Resources */ = {
			isa = PBXResourcesBuildPhase;
			buildActionMask = 2147483647;
			files = (
			);
			runOnlyForDeploymentPostprocessing = 0;
		};
/* End PBXResourcesBuildPhase section */

/* Begin PBXSourcesBuildPhase section */
		FBEE84FB2D22E9F9007F1577 /* Sources */ = {
			isa = PBXSourcesBuildPhase;
			buildActionMask = 2147483647;
			files = (
			);
			runOnlyForDeploymentPostprocessing = 0;
		};
		FBEE85112D22E9FA007F1577 /* Sources */ = {
			isa = PBXSourcesBuildPhase;
			buildActionMask = 2147483647;
			files = (
			);
			runOnlyForDeploymentPostprocessing = 0;
		};
		FBEE851B2D22E9FA007F1577 /* Sources */ = {
			isa = PBXSourcesBuildPhase;
			buildActionMask = 2147483647;
			files = (
			);
			runOnlyForDeploymentPostprocessing = 0;
		};
/* End PBXSourcesBuildPhase section */

/* Begin PBXTargetDependency section */
		FBEE85172D22E9FA007F1577 /* PBXTargetDependency */ = {
			isa = PBXTargetDependency;
			target = FBEE84FE2D22E9F9007F1577 /* helloSwift */;
			targetProxy = FBEE85162D22E9FA007F1577 /* PBXContainerItemProxy */;
		};
		FBEE85212D22E9FA007F1577 /* PBXTargetDependency */ = {
			isa = PBXTargetDependency;
			target = FBEE84FE2D22E9F9007F1577 /* helloSwift */;
			targetProxy = FBEE85202D22E9FA007F1577 /* PBXContainerItemProxy */;
		};
/* End PBXTargetDependency section */

/* Begin XCBuildConfiguration section */
		FBEE85292D22E9FA007F1577 /* Debug */ = {
			isa = XCBuildConfiguration;
			buildSettings = {
				ASSETCATALOG_COMPILER_APPICON_NAME = AppIcon;
				ASSETCATALOG_COMPILER_GLOBAL_ACCENT_COLOR_NAME = AccentColor;
				CODE_SIGN_STYLE = Automatic;
				CURRENT_PROJECT_VERSION = 1;
				DEVELOPMENT_TEAM = KB2T4YYC8S;
				GENERATE_INFOPLIST_FILE = YES;
				INFOPLIST_FILE = helloSwift/Info.plist;
				INFOPLIST_KEY_UIApplicationSupportsIndirectInputEvents = YES;
				INFOPLIST_KEY_UILaunchStoryboardName = LaunchScreen;
				INFOPLIST_KEY_UIMainStoryboardFile = Main;
				INFOPLIST_KEY_UISupportedInterfaceOrientations_iPad = "UIInterfaceOrientationPortrait UIInterfaceOrientationPortraitUpsideDown UIInterfaceOrientationLandscapeLeft UIInterfaceOrientationLandscapeRight";
				INFOPLIST_KEY_UISupportedInterfaceOrientations_iPhone = "UIInterfaceOrientationPortrait UIInterfaceOrientationLandscapeLeft UIInterfaceOrientationLandscapeRight";
				LD_RUNPATH_SEARCH_PATHS = (
					"$(inherited)",
					"@executable_path/Frameworks",
				);
				MARKETING_VERSION = 1.0;
				PRODUCT_BUNDLE_IDENTIFIER = seoyuunn.helloSwift;
				PRODUCT_NAME = "$(TARGET_NAME)";
				SWIFT_EMIT_LOC_STRINGS = YES;
				SWIFT_VERSION = 5.0;
				TARGETED_DEVICE_FAMILY = "1,2";
			};
			name = Debug;
		};
		FBEE852A2D22E9FA007F1577 /* Release */ = {
			isa = XCBuildConfiguration;
			buildSettings = {
				ASSETCATALOG_COMPILER_APPICON_NAME = AppIcon;
				ASSETCATALOG_COMPILER_GLOBAL_ACCENT_COLOR_NAME = AccentColor;
				CODE_SIGN_STYLE = Automatic;
				CURRENT_PROJECT_VERSION = 1;
				DEVELOPMENT_TEAM = KB2T4YYC8S;
				GENERATE_INFOPLIST_FILE = YES;
				INFOPLIST_FILE = helloSwift/Info.plist;
				INFOPLIST_KEY_UIApplicationSupportsIndirectInputEvents = YES;
				INFOPLIST_KEY_UILaunchStoryboardName = LaunchScreen;
				INFOPLIST_KEY_UIMainStoryboardFile = Main;
				INFOPLIST_KEY_UISupportedInterfaceOrientations_iPad = "UIInterfaceOrientationPortrait UIInterfaceOrientationPortraitUpsideDown UIInterfaceOrientationLandscapeLeft UIInterfaceOrientationLandscapeRight";
				INFOPLIST_KEY_UISupportedInterfaceOrientations_iPhone = "UIInterfaceOrientationPortrait UIInterfaceOrientationLandscapeLeft UIInterfaceOrientationLandscapeRight";
				LD_RUNPATH_SEARCH_PATHS = (
					"$(inherited)",
					"@executable_path/Frameworks",
				);
				MARKETING_VERSION = 1.0;
				PRODUCT_BUNDLE_IDENTIFIER = seoyuunn.helloSwift;
				PRODUCT_NAME = "$(TARGET_NAME)";
				SWIFT_EMIT_LOC_STRINGS = YES;
				SWIFT_VERSION = 5.0;
				TARGETED_DEVICE_FAMILY = "1,2";
			};
			name = Release;
		};
		FBEE852B2D22E9FA007F1577 /* Debug */ = {
			isa = XCBuildConfiguration;
			buildSettings = {
				ALWAYS_SEARCH_USER_PATHS = NO;
				ASSETCATALOG_COMPILER_GENERATE_SWIFT_ASSET_SYMBOL_EXTENSIONS = YES;
				CLANG_ANALYZER_NONNULL = YES;
				CLANG_ANALYZER_NUMBER_OBJECT_CONVERSION = YES_AGGRESSIVE;
				CLANG_CXX_LANGUAGE_STANDARD = "gnu++20";
				CLANG_ENABLE_MODULES = YES;
				CLANG_ENABLE_OBJC_ARC = YES;
				CLANG_ENABLE_OBJC_WEAK = YES;
				CLANG_WARN_BLOCK_CAPTURE_AUTORELEASING = YES;
				CLANG_WARN_BOOL_CONVERSION = YES;
				CLANG_WARN_COMMA = YES;
				CLANG_WARN_CONSTANT_CONVERSION = YES;
				CLANG_WARN_DEPRECATED_OBJC_IMPLEMENTATIONS = YES;
				CLANG_WARN_DIRECT_OBJC_ISA_USAGE = YES_ERROR;
				CLANG_WARN_DOCUMENTATION_COMMENTS = YES;
				CLANG_WARN_EMPTY_BODY = YES;
				CLANG_WARN_ENUM_CONVERSION = YES;
				CLANG_WARN_INFINITE_RECURSION = YES;
				CLANG_WARN_INT_CONVERSION = YES;
				CLANG_WARN_NON_LITERAL_NULL_CONVERSION = YES;
				CLANG_WARN_OBJC_IMPLICIT_RETAIN_SELF = YES;
				CLANG_WARN_OBJC_LITERAL_CONVERSION = YES;
				CLANG_WARN_OBJC_ROOT_CLASS = YES_ERROR;
				CLANG_WARN_QUOTED_INCLUDE_IN_FRAMEWORK_HEADER = YES;
				CLANG_WARN_RANGE_LOOP_ANALYSIS = YES;
				CLANG_WARN_STRICT_PROTOTYPES = YES;
				CLANG_WARN_SUSPICIOUS_MOVE = YES;
				CLANG_WARN_UNGUARDED_AVAILABILITY = YES_AGGRESSIVE;
				CLANG_WARN_UNREACHABLE_CODE = YES;
				CLANG_WARN__DUPLICATE_METHOD_MATCH = YES;
				COPY_PHASE_STRIP = NO;
				DEBUG_INFORMATION_FORMAT = dwarf;
				ENABLE_STRICT_OBJC_MSGSEND = YES;
				ENABLE_TESTABILITY = YES;
				ENABLE_USER_SCRIPT_SANDBOXING = YES;
				GCC_C_LANGUAGE_STANDARD = gnu17;
				GCC_DYNAMIC_NO_PIC = NO;
				GCC_NO_COMMON_BLOCKS = YES;
				GCC_OPTIMIZATION_LEVEL = 0;
				GCC_PREPROCESSOR_DEFINITIONS = (
					"DEBUG=1",
					"$(inherited)",
				);
				GCC_WARN_64_TO_32_BIT_CONVERSION = YES;
				GCC_WARN_ABOUT_RETURN_TYPE = YES_ERROR;
				GCC_WARN_UNDECLARED_SELECTOR = YES;
				GCC_WARN_UNINITIALIZED_AUTOS = YES_AGGRESSIVE;
				GCC_WARN_UNUSED_FUNCTION = YES;
				GCC_WARN_UNUSED_VARIABLE = YES;
				IPHONEOS_DEPLOYMENT_TARGET = 18.2;
				LOCALIZATION_PREFERS_STRING_CATALOGS = YES;
				MTL_ENABLE_DEBUG_INFO = INCLUDE_SOURCE;
				MTL_FAST_MATH = YES;
				ONLY_ACTIVE_ARCH = YES;
				SDKROOT = iphoneos;
				SWIFT_ACTIVE_COMPILATION_CONDITIONS = "DEBUG $(inherited)";
				SWIFT_OPTIMIZATION_LEVEL = "-Onone";
			};
			name = Debug;
		};
		FBEE852C2D22E9FA007F1577 /* Release */ = {
			isa = XCBuildConfiguration;
			buildSettings = {
				ALWAYS_SEARCH_USER_PATHS = NO;
				ASSETCATALOG_COMPILER_GENERATE_SWIFT_ASSET_SYMBOL_EXTENSIONS = YES;
				CLANG_ANALYZER_NONNULL = YES;
				CLANG_ANALYZER_NUMBER_OBJECT_CONVERSION = YES_AGGRESSIVE;
				CLANG_CXX_LANGUAGE_STANDARD = "gnu++20";
				CLANG_ENABLE_MODULES = YES;
				CLANG_ENABLE_OBJC_ARC = YES;
				CLANG_ENABLE_OBJC_WEAK = YES;
				CLANG_WARN_BLOCK_CAPTURE_AUTORELEASING = YES;
				CLANG_WARN_BOOL_CONVERSION = YES;
				CLANG_WARN_COMMA = YES;
				CLANG_WARN_CONSTANT_CONVERSION = YES;
				CLANG_WARN_DEPRECATED_OBJC_IMPLEMENTATIONS = YES;
				CLANG_WARN_DIRECT_OBJC_ISA_USAGE = YES_ERROR;
				CLANG_WARN_DOCUMENTATION_COMMENTS = YES;
				CLANG_WARN_EMPTY_BODY = YES;
				CLANG_WARN_ENUM_CONVERSION = YES;
				CLANG_WARN_INFINITE_RECURSION = YES;
				CLANG_WARN_INT_CONVERSION = YES;
				CLANG_WARN_NON_LITERAL_NULL_CONVERSION = YES;
				CLANG_WARN_OBJC_IMPLICIT_RETAIN_SELF = YES;
				CLANG_WARN_OBJC_LITERAL_CONVERSION = YES;
				CLANG_WARN_OBJC_ROOT_CLASS = YES_ERROR;
				CLANG_WARN_QUOTED_INCLUDE_IN_FRAMEWORK_HEADER = YES;
				CLANG_WARN_RANGE_LOOP_ANALYSIS = YES;
				CLANG_WARN_STRICT_PROTOTYPES = YES;
				CLANG_WARN_SUSPICIOUS_MOVE = YES;
				CLANG_WARN_UNGUARDED_AVAILABILITY = YES_AGGRESSIVE;
				CLANG_WARN_UNREACHABLE_CODE = YES;
				CLANG_WARN__DUPLICATE_METHOD_MATCH = YES;
				COPY_PHASE_STRIP = NO;
				DEBUG_INFORMATION_FORMAT = "dwarf-with-dsym";
				ENABLE_NS_ASSERTIONS = NO;
				ENABLE_STRICT_OBJC_MSGSEND = YES;
				ENABLE_USER_SCRIPT_SANDBOXING = YES;
				GCC_C_LANGUAGE_STANDARD = gnu17;
				GCC_NO_COMMON_BLOCKS = YES;
				GCC_WARN_64_TO_32_BIT_CONVERSION = YES;
				GCC_WARN_ABOUT_RETURN_TYPE = YES_ERROR;
				GCC_WARN_UNDECLARED_SELECTOR = YES;
				GCC_WARN_UNINITIALIZED_AUTOS = YES_AGGRESSIVE;
				GCC_WARN_UNUSED_FUNCTION = YES;
				GCC_WARN_UNUSED_VARIABLE = YES;
				IPHONEOS_DEPLOYMENT_TARGET = 18.2;
				LOCALIZATION_PREFERS_STRING_CATALOGS = YES;
				MTL_ENABLE_DEBUG_INFO = NO;
				MTL_FAST_MATH = YES;
				SDKROOT = iphoneos;
				SWIFT_COMPILATION_MODE = wholemodule;
				VALIDATE_PRODUCT = YES;
			};
			name = Release;
		};
		FBEE852E2D22E9FA007F1577 /* Debug */ = {
			isa = XCBuildConfiguration;
			buildSettings = {
				BUNDLE_LOADER = "$(TEST_HOST)";
				CODE_SIGN_STYLE = Automatic;
				CURRENT_PROJECT_VERSION = 1;
				DEVELOPMENT_TEAM = KB2T4YYC8S;
				GENERATE_INFOPLIST_FILE = YES;
				IPHONEOS_DEPLOYMENT_TARGET = 18.2;
				MARKETING_VERSION = 1.0;
				PRODUCT_BUNDLE_IDENTIFIER = seoyuunn.helloSwiftTests;
				PRODUCT_NAME = "$(TARGET_NAME)";
				SWIFT_EMIT_LOC_STRINGS = NO;
				SWIFT_VERSION = 5.0;
				TARGETED_DEVICE_FAMILY = "1,2";
				TEST_HOST = "$(BUILT_PRODUCTS_DIR)/helloSwift.app/$(BUNDLE_EXECUTABLE_FOLDER_PATH)/helloSwift";
			};
			name = Debug;
		};
		FBEE852F2D22E9FA007F1577 /* Release */ = {
			isa = XCBuildConfiguration;
			buildSettings = {
				BUNDLE_LOADER = "$(TEST_HOST)";
				CODE_SIGN_STYLE = Automatic;
				CURRENT_PROJECT_VERSION = 1;
				DEVELOPMENT_TEAM = KB2T4YYC8S;
				GENERATE_INFOPLIST_FILE = YES;
				IPHONEOS_DEPLOYMENT_TARGET = 18.2;
				MARKETING_VERSION = 1.0;
				PRODUCT_BUNDLE_IDENTIFIER = seoyuunn.helloSwiftTests;
				PRODUCT_NAME = "$(TARGET_NAME)";
				SWIFT_EMIT_LOC_STRINGS = NO;
				SWIFT_VERSION = 5.0;
				TARGETED_DEVICE_FAMILY = "1,2";
				TEST_HOST = "$(BUILT_PRODUCTS_DIR)/helloSwift.app/$(BUNDLE_EXECUTABLE_FOLDER_PATH)/helloSwift";
			};
			name = Release;
		};
		FBEE85312D22E9FA007F1577 /* Debug */ = {
			isa = XCBuildConfiguration;
			buildSettings = {
				CODE_SIGN_STYLE = Automatic;
				CURRENT_PROJECT_VERSION = 1;
				DEVELOPMENT_TEAM = KB2T4YYC8S;
				GENERATE_INFOPLIST_FILE = YES;
				MARKETING_VERSION = 1.0;
				PRODUCT_BUNDLE_IDENTIFIER = seoyuunn.helloSwiftUITests;
				PRODUCT_NAME = "$(TARGET_NAME)";
				SWIFT_EMIT_LOC_STRINGS = NO;
				SWIFT_VERSION = 5.0;
				TARGETED_DEVICE_FAMILY = "1,2";
				TEST_TARGET_NAME = helloSwift;
			};
			name = Debug;
		};
		FBEE85322D22E9FA007F1577 /* Release */ = {
			isa = XCBuildConfiguration;
			buildSettings = {
				CODE_SIGN_STYLE = Automatic;
				CURRENT_PROJECT_VERSION = 1;
				DEVELOPMENT_TEAM = KB2T4YYC8S;
				GENERATE_INFOPLIST_FILE = YES;
				MARKETING_VERSION = 1.0;
				PRODUCT_BUNDLE_IDENTIFIER = seoyuunn.helloSwiftUITests;
				PRODUCT_NAME = "$(TARGET_NAME)";
				SWIFT_EMIT_LOC_STRINGS = NO;
				SWIFT_VERSION = 5.0;
				TARGETED_DEVICE_FAMILY = "1,2";
				TEST_TARGET_NAME = helloSwift;
			};
			name = Release;
		};
/* End XCBuildConfiguration section */

/* Begin XCConfigurationList section */
		FBEE84FA2D22E9F9007F1577 /* Build configuration list for PBXProject "helloSwift" */ = {
			isa = XCConfigurationList;
			buildConfigurations = (
				FBEE852B2D22E9FA007F1577 /* Debug */,
				FBEE852C2D22E9FA007F1577 /* Release */,
			);
			defaultConfigurationIsVisible = 0;
			defaultConfigurationName = Release;
		};
		FBEE85282D22E9FA007F1577 /* Build configuration list for PBXNativeTarget "helloSwift" */ = {
			isa = XCConfigurationList;
			buildConfigurations = (
				FBEE85292D22E9FA007F1577 /* Debug */,
				FBEE852A2D22E9FA007F1577 /* Release */,
			);
			defaultConfigurationIsVisible = 0;
			defaultConfigurationName = Release;
		};
		FBEE852D2D22E9FA007F1577 /* Build configuration list for PBXNativeTarget "helloSwiftTests" */ = {
			isa = XCConfigurationList;
			buildConfigurations = (
				FBEE852E2D22E9FA007F1577 /* Debug */,
				FBEE852F2D22E9FA007F1577 /* Release */,
			);
			defaultConfigurationIsVisible = 0;
			defaultConfigurationName = Release;
		};
		FBEE85302D22E9FA007F1577 /* Build configuration list for PBXNativeTarget "helloSwiftUITests" */ = {
			isa = XCConfigurationList;
			buildConfigurations = (
				FBEE85312D22E9FA007F1577 /* Debug */,
				FBEE85322D22E9FA007F1577 /* Release */,
			);
			defaultConfigurationIsVisible = 0;
			defaultConfigurationName = Release;
		};
/* End XCConfigurationList section */
	};
	rootObject = FBEE84F72D22E9F9007F1577 /* Project object */;
}
