// !$*UTF8*$!
{
	archiveVersion = 1;
	classes = {
	};
	objectVersion = 77;
	objects = {

/* Begin PBXContainerItemProxy section */
		FB860F4E2D23E35000D714CF /* PBXContainerItemProxy */ = {
			isa = PBXContainerItemProxy;
			containerPortal = FB860F2F2D23E34F00D714CF /* Project object */;
			proxyType = 1;
			remoteGlobalIDString = FB860F362D23E34F00D714CF;
			remoteInfo = "Hello,iOS";
		};
		FB860F582D23E35000D714CF /* PBXContainerItemProxy */ = {
			isa = PBXContainerItemProxy;
			containerPortal = FB860F2F2D23E34F00D714CF /* Project object */;
			proxyType = 1;
			remoteGlobalIDString = FB860F362D23E34F00D714CF;
			remoteInfo = "Hello,iOS";
		};
/* End PBXContainerItemProxy section */

/* Begin PBXFileReference section */
		FB860F372D23E34F00D714CF /* Hello,iOS.app */ = {isa = PBXFileReference; explicitFileType = wrapper.application; includeInIndex = 0; path = "Hello,iOS.app"; sourceTree = BUILT_PRODUCTS_DIR; };
		FB860F4D2D23E35000D714CF /* Hello,iOSTests.xctest */ = {isa = PBXFileReference; explicitFileType = wrapper.cfbundle; includeInIndex = 0; path = "Hello,iOSTests.xctest"; sourceTree = BUILT_PRODUCTS_DIR; };
		FB860F572D23E35000D714CF /* Hello,iOSUITests.xctest */ = {isa = PBXFileReference; explicitFileType = wrapper.cfbundle; includeInIndex = 0; path = "Hello,iOSUITests.xctest"; sourceTree = BUILT_PRODUCTS_DIR; };
/* End PBXFileReference section */

/* Begin PBXFileSystemSynchronizedBuildFileExceptionSet section */
		FB860F5F2D23E35000D714CF /* Exceptions for "Hello,iOS" folder in "Hello,iOS" target */ = {
			isa = PBXFileSystemSynchronizedBuildFileExceptionSet;
			membershipExceptions = (
				Info.plist,
			);
			target = FB860F362D23E34F00D714CF /* Hello,iOS */;
		};
/* End PBXFileSystemSynchronizedBuildFileExceptionSet section */

/* Begin PBXFileSystemSynchronizedRootGroup section */
		FB860F392D23E34F00D714CF /* Hello,iOS */ = {
			isa = PBXFileSystemSynchronizedRootGroup;
			exceptions = (
				FB860F5F2D23E35000D714CF /* Exceptions for "Hello,iOS" folder in "Hello,iOS" target */,
			);
			path = "Hello,iOS";
			sourceTree = "<group>";
		};
		FB860F502D23E35000D714CF /* Hello,iOSTests */ = {
			isa = PBXFileSystemSynchronizedRootGroup;
			path = "Hello,iOSTests";
			sourceTree = "<group>";
		};
		FB860F5A2D23E35000D714CF /* Hello,iOSUITests */ = {
			isa = PBXFileSystemSynchronizedRootGroup;
			path = "Hello,iOSUITests";
			sourceTree = "<group>";
		};
/* End PBXFileSystemSynchronizedRootGroup section */

/* Begin PBXFrameworksBuildPhase section */
		FB860F342D23E34F00D714CF /* Frameworks */ = {
			isa = PBXFrameworksBuildPhase;
			buildActionMask = 2147483647;
			files = (
			);
			runOnlyForDeploymentPostprocessing = 0;
		};
		FB860F4A2D23E35000D714CF /* Frameworks */ = {
			isa = PBXFrameworksBuildPhase;
			buildActionMask = 2147483647;
			files = (
			);
			runOnlyForDeploymentPostprocessing = 0;
		};
		FB860F542D23E35000D714CF /* Frameworks */ = {
			isa = PBXFrameworksBuildPhase;
			buildActionMask = 2147483647;
			files = (
			);
			runOnlyForDeploymentPostprocessing = 0;
		};
/* End PBXFrameworksBuildPhase section */

/* Begin PBXGroup section */
		FB860F2E2D23E34F00D714CF = {
			isa = PBXGroup;
			children = (
				FB860F392D23E34F00D714CF /* Hello,iOS */,
				FB860F502D23E35000D714CF /* Hello,iOSTests */,
				FB860F5A2D23E35000D714CF /* Hello,iOSUITests */,
				FB860F382D23E34F00D714CF /* Products */,
			);
			sourceTree = "<group>";
		};
		FB860F382D23E34F00D714CF /* Products */ = {
			isa = PBXGroup;
			children = (
				FB860F372D23E34F00D714CF /* Hello,iOS.app */,
				FB860F4D2D23E35000D714CF /* Hello,iOSTests.xctest */,
				FB860F572D23E35000D714CF /* Hello,iOSUITests.xctest */,
			);
			name = Products;
			sourceTree = "<group>";
		};
/* End PBXGroup section */

/* Begin PBXNativeTarget section */
		FB860F362D23E34F00D714CF /* Hello,iOS */ = {
			isa = PBXNativeTarget;
			buildConfigurationList = FB860F602D23E35000D714CF /* Build configuration list for PBXNativeTarget "Hello,iOS" */;
			buildPhases = (
				FB860F332D23E34F00D714CF /* Sources */,
				FB860F342D23E34F00D714CF /* Frameworks */,
				FB860F352D23E34F00D714CF /* Resources */,
			);
			buildRules = (
			);
			dependencies = (
			);
			fileSystemSynchronizedGroups = (
				FB860F392D23E34F00D714CF /* Hello,iOS */,
			);
			name = "Hello,iOS";
			packageProductDependencies = (
			);
			productName = "Hello,iOS";
			productReference = FB860F372D23E34F00D714CF /* Hello,iOS.app */;
			productType = "com.apple.product-type.application";
		};
		FB860F4C2D23E35000D714CF /* Hello,iOSTests */ = {
			isa = PBXNativeTarget;
			buildConfigurationList = FB860F652D23E35000D714CF /* Build configuration list for PBXNativeTarget "Hello,iOSTests" */;
			buildPhases = (
				FB860F492D23E35000D714CF /* Sources */,
				FB860F4A2D23E35000D714CF /* Frameworks */,
				FB860F4B2D23E35000D714CF /* Resources */,
			);
			buildRules = (
			);
			dependencies = (
				FB860F4F2D23E35000D714CF /* PBXTargetDependency */,
			);
			fileSystemSynchronizedGroups = (
				FB860F502D23E35000D714CF /* Hello,iOSTests */,
			);
			name = "Hello,iOSTests";
			packageProductDependencies = (
			);
			productName = "Hello,iOSTests";
			productReference = FB860F4D2D23E35000D714CF /* Hello,iOSTests.xctest */;
			productType = "com.apple.product-type.bundle.unit-test";
		};
		FB860F562D23E35000D714CF /* Hello,iOSUITests */ = {
			isa = PBXNativeTarget;
			buildConfigurationList = FB860F682D23E35000D714CF /* Build configuration list for PBXNativeTarget "Hello,iOSUITests" */;
			buildPhases = (
				FB860F532D23E35000D714CF /* Sources */,
				FB860F542D23E35000D714CF /* Frameworks */,
				FB860F552D23E35000D714CF /* Resources */,
			);
			buildRules = (
			);
			dependencies = (
				FB860F592D23E35000D714CF /* PBXTargetDependency */,
			);
			fileSystemSynchronizedGroups = (
				FB860F5A2D23E35000D714CF /* Hello,iOSUITests */,
			);
			name = "Hello,iOSUITests";
			packageProductDependencies = (
			);
			productName = "Hello,iOSUITests";
			productReference = FB860F572D23E35000D714CF /* Hello,iOSUITests.xctest */;
			productType = "com.apple.product-type.bundle.ui-testing";
		};
/* End PBXNativeTarget section */

/* Begin PBXProject section */
		FB860F2F2D23E34F00D714CF /* Project object */ = {
			isa = PBXProject;
			attributes = {
				BuildIndependentTargetsInParallel = 1;
				LastSwiftUpdateCheck = 1620;
				LastUpgradeCheck = 1620;
				TargetAttributes = {
					FB860F362D23E34F00D714CF = {
						CreatedOnToolsVersion = 16.2;
					};
					FB860F4C2D23E35000D714CF = {
						CreatedOnToolsVersion = 16.2;
						TestTargetID = FB860F362D23E34F00D714CF;
					};
					FB860F562D23E35000D714CF = {
						CreatedOnToolsVersion = 16.2;
						TestTargetID = FB860F362D23E34F00D714CF;
					};
				};
			};
			buildConfigurationList = FB860F322D23E34F00D714CF /* Build configuration list for PBXProject "Hello,iOS" */;
			developmentRegion = en;
			hasScannedForEncodings = 0;
			knownRegions = (
				en,
				Base,
			);
			mainGroup = FB860F2E2D23E34F00D714CF;
			minimizedProjectReferenceProxies = 1;
			preferredProjectObjectVersion = 77;
			productRefGroup = FB860F382D23E34F00D714CF /* Products */;
			projectDirPath = "";
			projectRoot = "";
			targets = (
				FB860F362D23E34F00D714CF /* Hello,iOS */,
				FB860F4C2D23E35000D714CF /* Hello,iOSTests */,
				FB860F562D23E35000D714CF /* Hello,iOSUITests */,
			);
		};
/* End PBXProject section */

/* Begin PBXResourcesBuildPhase section */
		FB860F352D23E34F00D714CF /* Resources */ = {
			isa = PBXResourcesBuildPhase;
			buildActionMask = 2147483647;
			files = (
			);
			runOnlyForDeploymentPostprocessing = 0;
		};
		FB860F4B2D23E35000D714CF /* Resources */ = {
			isa = PBXResourcesBuildPhase;
			buildActionMask = 2147483647;
			files = (
			);
			runOnlyForDeploymentPostprocessing = 0;
		};
		FB860F552D23E35000D714CF /* Resources */ = {
			isa = PBXResourcesBuildPhase;
			buildActionMask = 2147483647;
			files = (
			);
			runOnlyForDeploymentPostprocessing = 0;
		};
/* End PBXResourcesBuildPhase section */

/* Begin PBXSourcesBuildPhase section */
		FB860F332D23E34F00D714CF /* Sources */ = {
			isa = PBXSourcesBuildPhase;
			buildActionMask = 2147483647;
			files = (
			);
			runOnlyForDeploymentPostprocessing = 0;
		};
		FB860F492D23E35000D714CF /* Sources */ = {
			isa = PBXSourcesBuildPhase;
			buildActionMask = 2147483647;
			files = (
			);
			runOnlyForDeploymentPostprocessing = 0;
		};
		FB860F532D23E35000D714CF /* Sources */ = {
			isa = PBXSourcesBuildPhase;
			buildActionMask = 2147483647;
			files = (
			);
			runOnlyForDeploymentPostprocessing = 0;
		};
/* End PBXSourcesBuildPhase section */

/* Begin PBXTargetDependency section */
		FB860F4F2D23E35000D714CF /* PBXTargetDependency */ = {
			isa = PBXTargetDependency;
			target = FB860F362D23E34F00D714CF /* Hello,iOS */;
			targetProxy = FB860F4E2D23E35000D714CF /* PBXContainerItemProxy */;
		};
		FB860F592D23E35000D714CF /* PBXTargetDependency */ = {
			isa = PBXTargetDependency;
			target = FB860F362D23E34F00D714CF /* Hello,iOS */;
			targetProxy = FB860F582D23E35000D714CF /* PBXContainerItemProxy */;
		};
/* End PBXTargetDependency section */

/* Begin XCBuildConfiguration section */
		FB860F612D23E35000D714CF /* Debug */ = {
			isa = XCBuildConfiguration;
			buildSettings = {
				ASSETCATALOG_COMPILER_APPICON_NAME = AppIcon;
				ASSETCATALOG_COMPILER_GLOBAL_ACCENT_COLOR_NAME = AccentColor;
				CODE_SIGN_STYLE = Automatic;
				CURRENT_PROJECT_VERSION = 1;
				DEVELOPMENT_TEAM = KB2T4YYC8S;
				GENERATE_INFOPLIST_FILE = YES;
				INFOPLIST_FILE = "Hello,iOS/Info.plist";
				INFOPLIST_KEY_UIApplicationSupportsIndirectInputEvents = YES;
				INFOPLIST_KEY_UILaunchStoryboardName = LaunchScreen;
				INFOPLIST_KEY_UIMainStoryboardFile = Main;
				INFOPLIST_KEY_UISupportedInterfaceOrientations_iPad = "UIInterfaceOrientationPortrait UIInterfaceOrientationPortraitUpsideDown UIInterfaceOrientationLandscapeLeft UIInterfaceOrientationLandscapeRight";
				INFOPLIST_KEY_UISupportedInterfaceOrientations_iPhone = "UIInterfaceOrientationPortrait UIInterfaceOrientationLandscapeLeft UIInterfaceOrientationLandscapeRight";
				LD_RUNPATH_SEARCH_PATHS = (
					"$(inherited)",
					"@executable_path/Frameworks",
				);
				MARKETING_VERSION = 1.0;
				PRODUCT_BUNDLE_IDENTIFIER = "seoyuunn.Hello-iOS";
				PRODUCT_NAME = "$(TARGET_NAME)";
				SWIFT_EMIT_LOC_STRINGS = YES;
				SWIFT_VERSION = 5.0;
				TARGETED_DEVICE_FAMILY = "1,2";
			};
			name = Debug;
		};
		FB860F622D23E35000D714CF /* Release */ = {
			isa = XCBuildConfiguration;
			buildSettings = {
				ASSETCATALOG_COMPILER_APPICON_NAME = AppIcon;
				ASSETCATALOG_COMPILER_GLOBAL_ACCENT_COLOR_NAME = AccentColor;
				CODE_SIGN_STYLE = Automatic;
				CURRENT_PROJECT_VERSION = 1;
				DEVELOPMENT_TEAM = KB2T4YYC8S;
				GENERATE_INFOPLIST_FILE = YES;
				INFOPLIST_FILE = "Hello,iOS/Info.plist";
				INFOPLIST_KEY_UIApplicationSupportsIndirectInputEvents = YES;
				INFOPLIST_KEY_UILaunchStoryboardName = LaunchScreen;
				INFOPLIST_KEY_UIMainStoryboardFile = Main;
				INFOPLIST_KEY_UISupportedInterfaceOrientations_iPad = "UIInterfaceOrientationPortrait UIInterfaceOrientationPortraitUpsideDown UIInterfaceOrientationLandscapeLeft UIInterfaceOrientationLandscapeRight";
				INFOPLIST_KEY_UISupportedInterfaceOrientations_iPhone = "UIInterfaceOrientationPortrait UIInterfaceOrientationLandscapeLeft UIInterfaceOrientationLandscapeRight";
				LD_RUNPATH_SEARCH_PATHS = (
					"$(inherited)",
					"@executable_path/Frameworks",
				);
				MARKETING_VERSION = 1.0;
				PRODUCT_BUNDLE_IDENTIFIER = "seoyuunn.Hello-iOS";
				PRODUCT_NAME = "$(TARGET_NAME)";
				SWIFT_EMIT_LOC_STRINGS = YES;
				SWIFT_VERSION = 5.0;
				TARGETED_DEVICE_FAMILY = "1,2";
			};
			name = Release;
		};
		FB860F632D23E35000D714CF /* Debug */ = {
			isa = XCBuildConfiguration;
			buildSettings = {
				ALWAYS_SEARCH_USER_PATHS = NO;
				ASSETCATALOG_COMPILER_GENERATE_SWIFT_ASSET_SYMBOL_EXTENSIONS = YES;
				CLANG_ANALYZER_NONNULL = YES;
				CLANG_ANALYZER_NUMBER_OBJECT_CONVERSION = YES_AGGRESSIVE;
				CLANG_CXX_LANGUAGE_STANDARD = "gnu++20";
				CLANG_ENABLE_MODULES = YES;
				CLANG_ENABLE_OBJC_ARC = YES;
				CLANG_ENABLE_OBJC_WEAK = YES;
				CLANG_WARN_BLOCK_CAPTURE_AUTORELEASING = YES;
				CLANG_WARN_BOOL_CONVERSION = YES;
				CLANG_WARN_COMMA = YES;
				CLANG_WARN_CONSTANT_CONVERSION = YES;
				CLANG_WARN_DEPRECATED_OBJC_IMPLEMENTATIONS = YES;
				CLANG_WARN_DIRECT_OBJC_ISA_USAGE = YES_ERROR;
				CLANG_WARN_DOCUMENTATION_COMMENTS = YES;
				CLANG_WARN_EMPTY_BODY = YES;
				CLANG_WARN_ENUM_CONVERSION = YES;
				CLANG_WARN_INFINITE_RECURSION = YES;
				CLANG_WARN_INT_CONVERSION = YES;
				CLANG_WARN_NON_LITERAL_NULL_CONVERSION = YES;
				CLANG_WARN_OBJC_IMPLICIT_RETAIN_SELF = YES;
				CLANG_WARN_OBJC_LITERAL_CONVERSION = YES;
				CLANG_WARN_OBJC_ROOT_CLASS = YES_ERROR;
				CLANG_WARN_QUOTED_INCLUDE_IN_FRAMEWORK_HEADER = YES;
				CLANG_WARN_RANGE_LOOP_ANALYSIS = YES;
				CLANG_WARN_STRICT_PROTOTYPES = YES;
				CLANG_WARN_SUSPICIOUS_MOVE = YES;
				CLANG_WARN_UNGUARDED_AVAILABILITY = YES_AGGRESSIVE;
				CLANG_WARN_UNREACHABLE_CODE = YES;
				CLANG_WARN__DUPLICATE_METHOD_MATCH = YES;
				COPY_PHASE_STRIP = NO;
				DEBUG_INFORMATION_FORMAT = dwarf;
				ENABLE_STRICT_OBJC_MSGSEND = YES;
				ENABLE_TESTABILITY = YES;
				ENABLE_USER_SCRIPT_SANDBOXING = YES;
				GCC_C_LANGUAGE_STANDARD = gnu17;
				GCC_DYNAMIC_NO_PIC = NO;
				GCC_NO_COMMON_BLOCKS = YES;
				GCC_OPTIMIZATION_LEVEL = 0;
				GCC_PREPROCESSOR_DEFINITIONS = (
					"DEBUG=1",
					"$(inherited)",
				);
				GCC_WARN_64_TO_32_BIT_CONVERSION = YES;
				GCC_WARN_ABOUT_RETURN_TYPE = YES_ERROR;
				GCC_WARN_UNDECLARED_SELECTOR = YES;
				GCC_WARN_UNINITIALIZED_AUTOS = YES_AGGRESSIVE;
				GCC_WARN_UNUSED_FUNCTION = YES;
				GCC_WARN_UNUSED_VARIABLE = YES;
				IPHONEOS_DEPLOYMENT_TARGET = 18.2;
				LOCALIZATION_PREFERS_STRING_CATALOGS = YES;
				MTL_ENABLE_DEBUG_INFO = INCLUDE_SOURCE;
				MTL_FAST_MATH = YES;
				ONLY_ACTIVE_ARCH = YES;
				SDKROOT = iphoneos;
				SWIFT_ACTIVE_COMPILATION_CONDITIONS = "DEBUG $(inherited)";
				SWIFT_OPTIMIZATION_LEVEL = "-Onone";
			};
			name = Debug;
		};
		FB860F642D23E35000D714CF /* Release */ = {
			isa = XCBuildConfiguration;
			buildSettings = {
				ALWAYS_SEARCH_USER_PATHS = NO;
				ASSETCATALOG_COMPILER_GENERATE_SWIFT_ASSET_SYMBOL_EXTENSIONS = YES;
				CLANG_ANALYZER_NONNULL = YES;
				CLANG_ANALYZER_NUMBER_OBJECT_CONVERSION = YES_AGGRESSIVE;
				CLANG_CXX_LANGUAGE_STANDARD = "gnu++20";
				CLANG_ENABLE_MODULES = YES;
				CLANG_ENABLE_OBJC_ARC = YES;
				CLANG_ENABLE_OBJC_WEAK = YES;
				CLANG_WARN_BLOCK_CAPTURE_AUTORELEASING = YES;
				CLANG_WARN_BOOL_CONVERSION = YES;
				CLANG_WARN_COMMA = YES;
				CLANG_WARN_CONSTANT_CONVERSION = YES;
				CLANG_WARN_DEPRECATED_OBJC_IMPLEMENTATIONS = YES;
				CLANG_WARN_DIRECT_OBJC_ISA_USAGE = YES_ERROR;
				CLANG_WARN_DOCUMENTATION_COMMENTS = YES;
				CLANG_WARN_EMPTY_BODY = YES;
				CLANG_WARN_ENUM_CONVERSION = YES;
				CLANG_WARN_INFINITE_RECURSION = YES;
				CLANG_WARN_INT_CONVERSION = YES;
				CLANG_WARN_NON_LITERAL_NULL_CONVERSION = YES;
				CLANG_WARN_OBJC_IMPLICIT_RETAIN_SELF = YES;
				CLANG_WARN_OBJC_LITERAL_CONVERSION = YES;
				CLANG_WARN_OBJC_ROOT_CLASS = YES_ERROR;
				CLANG_WARN_QUOTED_INCLUDE_IN_FRAMEWORK_HEADER = YES;
				CLANG_WARN_RANGE_LOOP_ANALYSIS = YES;
				CLANG_WARN_STRICT_PROTOTYPES = YES;
				CLANG_WARN_SUSPICIOUS_MOVE = YES;
				CLANG_WARN_UNGUARDED_AVAILABILITY = YES_AGGRESSIVE;
				CLANG_WARN_UNREACHABLE_CODE = YES;
				CLANG_WARN__DUPLICATE_METHOD_MATCH = YES;
				COPY_PHASE_STRIP = NO;
				DEBUG_INFORMATION_FORMAT = "dwarf-with-dsym";
				ENABLE_NS_ASSERTIONS = NO;
				ENABLE_STRICT_OBJC_MSGSEND = YES;
				ENABLE_USER_SCRIPT_SANDBOXING = YES;
				GCC_C_LANGUAGE_STANDARD = gnu17;
				GCC_NO_COMMON_BLOCKS = YES;
				GCC_WARN_64_TO_32_BIT_CONVERSION = YES;
				GCC_WARN_ABOUT_RETURN_TYPE = YES_ERROR;
				GCC_WARN_UNDECLARED_SELECTOR = YES;
				GCC_WARN_UNINITIALIZED_AUTOS = YES_AGGRESSIVE;
				GCC_WARN_UNUSED_FUNCTION = YES;
				GCC_WARN_UNUSED_VARIABLE = YES;
				IPHONEOS_DEPLOYMENT_TARGET = 18.2;
				LOCALIZATION_PREFERS_STRING_CATALOGS = YES;
				MTL_ENABLE_DEBUG_INFO = NO;
				MTL_FAST_MATH = YES;
				SDKROOT = iphoneos;
				SWIFT_COMPILATION_MODE = wholemodule;
				VALIDATE_PRODUCT = YES;
			};
			name = Release;
		};
		FB860F662D23E35000D714CF /* Debug */ = {
			isa = XCBuildConfiguration;
			buildSettings = {
				BUNDLE_LOADER = "$(TEST_HOST)";
				CODE_SIGN_STYLE = Automatic;
				CURRENT_PROJECT_VERSION = 1;
				DEVELOPMENT_TEAM = KB2T4YYC8S;
				GENERATE_INFOPLIST_FILE = YES;
				IPHONEOS_DEPLOYMENT_TARGET = 18.2;
				MARKETING_VERSION = 1.0;
				PRODUCT_BUNDLE_IDENTIFIER = "seoyuunn.Hello-iOSTests";
				PRODUCT_NAME = "$(TARGET_NAME)";
				SWIFT_EMIT_LOC_STRINGS = NO;
				SWIFT_VERSION = 5.0;
				TARGETED_DEVICE_FAMILY = "1,2";
				TEST_HOST = "$(BUILT_PRODUCTS_DIR)/Hello,iOS.app/$(BUNDLE_EXECUTABLE_FOLDER_PATH)/Hello,iOS";
			};
			name = Debug;
		};
		FB860F672D23E35000D714CF /* Release */ = {
			isa = XCBuildConfiguration;
			buildSettings = {
				BUNDLE_LOADER = "$(TEST_HOST)";
				CODE_SIGN_STYLE = Automatic;
				CURRENT_PROJECT_VERSION = 1;
				DEVELOPMENT_TEAM = KB2T4YYC8S;
				GENERATE_INFOPLIST_FILE = YES;
				IPHONEOS_DEPLOYMENT_TARGET = 18.2;
				MARKETING_VERSION = 1.0;
				PRODUCT_BUNDLE_IDENTIFIER = "seoyuunn.Hello-iOSTests";
				PRODUCT_NAME = "$(TARGET_NAME)";
				SWIFT_EMIT_LOC_STRINGS = NO;
				SWIFT_VERSION = 5.0;
				TARGETED_DEVICE_FAMILY = "1,2";
				TEST_HOST = "$(BUILT_PRODUCTS_DIR)/Hello,iOS.app/$(BUNDLE_EXECUTABLE_FOLDER_PATH)/Hello,iOS";
			};
			name = Release;
		};
		FB860F692D23E35000D714CF /* Debug */ = {
			isa = XCBuildConfiguration;
			buildSettings = {
				CODE_SIGN_STYLE = Automatic;
				CURRENT_PROJECT_VERSION = 1;
				DEVELOPMENT_TEAM = KB2T4YYC8S;
				GENERATE_INFOPLIST_FILE = YES;
				MARKETING_VERSION = 1.0;
				PRODUCT_BUNDLE_IDENTIFIER = "seoyuunn.Hello-iOSUITests";
				PRODUCT_NAME = "$(TARGET_NAME)";
				SWIFT_EMIT_LOC_STRINGS = NO;
				SWIFT_VERSION = 5.0;
				TARGETED_DEVICE_FAMILY = "1,2";
				TEST_TARGET_NAME = "Hello,iOS";
			};
			name = Debug;
		};
		FB860F6A2D23E35000D714CF /* Release */ = {
			isa = XCBuildConfiguration;
			buildSettings = {
				CODE_SIGN_STYLE = Automatic;
				CURRENT_PROJECT_VERSION = 1;
				DEVELOPMENT_TEAM = KB2T4YYC8S;
				GENERATE_INFOPLIST_FILE = YES;
				MARKETING_VERSION = 1.0;
				PRODUCT_BUNDLE_IDENTIFIER = "seoyuunn.Hello-iOSUITests";
				PRODUCT_NAME = "$(TARGET_NAME)";
				SWIFT_EMIT_LOC_STRINGS = NO;
				SWIFT_VERSION = 5.0;
				TARGETED_DEVICE_FAMILY = "1,2";
				TEST_TARGET_NAME = "Hello,iOS";
			};
			name = Release;
		};
/* End XCBuildConfiguration section */

/* Begin XCConfigurationList section */
		FB860F322D23E34F00D714CF /* Build configuration list for PBXProject "Hello,iOS" */ = {
			isa = XCConfigurationList;
			buildConfigurations = (
				FB860F632D23E35000D714CF /* Debug */,
				FB860F642D23E35000D714CF /* Release */,
			);
			defaultConfigurationIsVisible = 0;
			defaultConfigurationName = Release;
		};
		FB860F602D23E35000D714CF /* Build configuration list for PBXNativeTarget "Hello,iOS" */ = {
			isa = XCConfigurationList;
			buildConfigurations = (
				FB860F612D23E35000D714CF /* Debug */,
				FB860F622D23E35000D714CF /* Release */,
			);
			defaultConfigurationIsVisible = 0;
			defaultConfigurationName = Release;
		};
		FB860F652D23E35000D714CF /* Build configuration list for PBXNativeTarget "Hello,iOSTests" */ = {
			isa = XCConfigurationList;
			buildConfigurations = (
				FB860F662D23E35000D714CF /* Debug */,
				FB860F672D23E35000D714CF /* Release */,
			);
			defaultConfigurationIsVisible = 0;
			defaultConfigurationName = Release;
		};
		FB860F682D23E35000D714CF /* Build configuration list for PBXNativeTarget "Hello,iOSUITests" */ = {
			isa = XCConfigurationList;
			buildConfigurations = (
				FB860F692D23E35000D714CF /* Debug */,
				FB860F6A2D23E35000D714CF /* Release */,
			);
			defaultConfigurationIsVisible = 0;
			defaultConfigurationName = Release;
		};
/* End XCConfigurationList section */
	};
	rootObject = FB860F2F2D23E34F00D714CF /* Project object */;
}
